<?xml version="1.0" encoding="UTF-8" standalone="yes" ?>
<CodeBlocks_project_file>
	<FileVersion major="1" minor="6" />
	<Project>
		<Option title="nemu_glut" />
		<Option pch_mode="2" />
		<Option compiler="gcc" />
		<Build>
			<Target title="Debug">
				<Option output="bin/Debug/nemu_glut" prefix_auto="1" extension_auto="1" />
				<Option object_output="obj/Debug/" />
				<Option type="1" />
				<Option compiler="gcc" />
				<Compiler>
					<Add option="-g" />
				</Compiler>
			</Target>
			<Target title="Release">
				<Option output="bin/Release/nemu_glut" prefix_auto="1" extension_auto="1" />
				<Option object_output="obj/Release/" />
				<Option type="0" />
				<Option compiler="gcc" />
				<Compiler>
					<Add option="-O2" />
				</Compiler>
				<Linker>
					<Add option="-s" />
				</Linker>
			</Target>
		</Build>
		<Compiler>
			<Add option="-Wall" />
			<Add option="-DNICK_USE_GLUT=1" />
			<Add option="-DNICK_USE_OPENGL=1" />
			<Add directory="$(HOME)/src/cpp" />
			<Add directory="$(HOME)/src/nemu" />
		</Compiler>
		<Linker>
			<Add library="GL" />
			<Add library="X11" />
			<Add library="glut" />
			<Add library="../cpp_portable_static/libcpp_portable_static.a" />
		</Linker>
		<Unit filename="../../cpp/glut/nickglut.cpp" />
		<Unit filename="../../cpp/glut/nickglut.h" />
		<Unit filename="../../nemu/binarylib/NAOUTDecoder.cpp" />
		<Unit filename="../../nemu/binarylib/NAOUTDecoder.h" />
		<Unit filename="../../nemu/binarylib/NAmigaHunkDecoder.cpp" />
		<Unit filename="../../nemu/binarylib/NAmigaHunkDecoder.h" />
		<Unit filename="../../nemu/binarylib/NBFDDecoder.cpp" />
		<Unit filename="../../nemu/binarylib/NBFDDecoder.h" />
		<Unit filename="../../nemu/binarylib/NBFLTDecoder.cpp" />
		<Unit filename="../../nemu/binarylib/NBFLTDecoder.h" />
		<Unit filename="../../nemu/binarylib/NBinaryDecoder.cpp" />
		<Unit filename="../../nemu/binarylib/NBinaryDecoder.h" />
		<Unit filename="../../nemu/binarylib/NBinaryNode.cpp" />
		<Unit filename="../../nemu/binarylib/NBinaryNode.h" />
		<Unit filename="../../nemu/binarylib/NBundleDecoder.cpp" />
		<Unit filename="../../nemu/binarylib/NBundleDecoder.h" />
		<Unit filename="../../nemu/binarylib/NCOFFDecoder.cpp" />
		<Unit filename="../../nemu/binarylib/NCOFFDecoder.h" />
		<Unit filename="../../nemu/binarylib/NElfDecoder.cpp" />
		<Unit filename="../../nemu/binarylib/NElfDecoder.h" />
		<Unit filename="../../nemu/binarylib/NExeDecoder.cpp" />
		<Unit filename="../../nemu/binarylib/NExeDecoder.h" />
		<Unit filename="../../nemu/binarylib/NJavaAttribute.cpp" />
		<Unit filename="../../nemu/binarylib/NJavaAttribute.h" />
		<Unit filename="../../nemu/binarylib/NJavaClassDecoder.cpp" />
		<Unit filename="../../nemu/binarylib/NJavaClassDecoder.h" />
		<Unit filename="../../nemu/binarylib/NJavaCode.cpp" />
		<Unit filename="../../nemu/binarylib/NJavaCode.h" />
		<Unit filename="../../nemu/binarylib/NJavaField.cpp" />
		<Unit filename="../../nemu/binarylib/NJavaField.h" />
		<Unit filename="../../nemu/binarylib/NJavaInterface.cpp" />
		<Unit filename="../../nemu/binarylib/NJavaInterface.h" />
		<Unit filename="../../nemu/binarylib/NJavaMethod.cpp" />
		<Unit filename="../../nemu/binarylib/NJavaMethod.h" />
		<Unit filename="../../nemu/binarylib/NLd.cpp" />
		<Unit filename="../../nemu/binarylib/NLd.h" />
		<Unit filename="../../nemu/binarylib/NMacAppDecoder.cpp" />
		<Unit filename="../../nemu/binarylib/NMacAppDecoder.h" />
		<Unit filename="../../nemu/binarylib/NMachDecoder.cpp" />
		<Unit filename="../../nemu/binarylib/NMachDecoder.h" />
		<Unit filename="../../nemu/binarylib/NPalmAppDecoder.cpp" />
		<Unit filename="../../nemu/binarylib/NPalmAppDecoder.h" />
		<Unit filename="../../nemu/binarylib/NSWFDecoder.cpp" />
		<Unit filename="../../nemu/binarylib/NSWFDecoder.h" />
		<Unit filename="../../nemu/binarylib/NSharedLibrary.cpp" />
		<Unit filename="../../nemu/binarylib/NSharedLibrary.h" />
		<Unit filename="../../nemu/binarylib/NXO65Decoder.cpp" />
		<Unit filename="../../nemu/binarylib/NXO65Decoder.h" />
		<Unit filename="../../nemu/binarylib/NZMachineDecoder.cpp" />
		<Unit filename="../../nemu/binarylib/NZMachineDecoder.h" />
		<Unit filename="../../nemu/cpulib/EAlpha.cpp" />
		<Unit filename="../../nemu/cpulib/EAlpha.h" />
		<Unit filename="../../nemu/cpulib/EArm.cpp" />
		<Unit filename="../../nemu/cpulib/EArm.h" />
		<Unit filename="../../nemu/cpulib/ECPU8Bit.cpp" />
		<Unit filename="../../nemu/cpulib/ECPU8Bit.h" />
		<Unit filename="../../nemu/cpulib/ECPUAbstract.cpp" />
		<Unit filename="../../nemu/cpulib/ECPUAbstract.h" />
		<Unit filename="../../nemu/cpulib/ECPUByteCode.cpp" />
		<Unit filename="../../nemu/cpulib/ECPUByteCode.h" />
		<Unit filename="../../nemu/cpulib/ECPUByteCodeObject.cpp" />
		<Unit filename="../../nemu/cpulib/ECPUByteCodeObject.h" />
		<Unit filename="../../nemu/cpulib/ECPUCisc.cpp" />
		<Unit filename="../../nemu/cpulib/ECPUCisc.h" />
		<Unit filename="../../nemu/cpulib/ECPUOperand.cpp" />
		<Unit filename="../../nemu/cpulib/ECPUOperand.h" />
		<Unit filename="../../nemu/cpulib/ECPURisc.cpp" />
		<Unit filename="../../nemu/cpulib/ECPURisc.h" />
		<Unit filename="../../nemu/cpulib/EDotNet.cpp" />
		<Unit filename="../../nemu/cpulib/EDotNet.h" />
		<Unit filename="../../nemu/cpulib/EGlulx.cpp" />
		<Unit filename="../../nemu/cpulib/EGlulx.h" />
		<Unit filename="../../nemu/cpulib/EHitachi.cpp" />
		<Unit filename="../../nemu/cpulib/EHitachi.h" />
		<Unit filename="../../nemu/cpulib/EJavaScript.cpp" />
		<Unit filename="../../nemu/cpulib/EJavaScript.h" />
		<Unit filename="../../nemu/cpulib/EJvm.cpp" />
		<Unit filename="../../nemu/cpulib/EJvm.h" />
		<Unit filename="../../nemu/cpulib/EMips.cpp" />
		<Unit filename="../../nemu/cpulib/EMips.h" />
		<Unit filename="../../nemu/cpulib/EPowerPC.cpp" />
		<Unit filename="../../nemu/cpulib/EPowerPC.h" />
		<Unit filename="../../nemu/cpulib/ESh.cpp" />
		<Unit filename="../../nemu/cpulib/ESh.h" />
		<Unit filename="../../nemu/cpulib/ESparc.cpp" />
		<Unit filename="../../nemu/cpulib/ESparc.h" />
		<Unit filename="../../nemu/cpulib/ESwf.cpp" />
		<Unit filename="../../nemu/cpulib/ESwf.h" />
		<Unit filename="../../nemu/cpulib/EZMachine.cpp" />
		<Unit filename="../../nemu/cpulib/EZMachine.h" />
		<Unit filename="../../nemu/cpulib/Em4510.cpp" />
		<Unit filename="../../nemu/cpulib/Em4510.h" />
		<Unit filename="../../nemu/cpulib/Em6502.cpp" />
		<Unit filename="../../nemu/cpulib/Em6502.h" />
		<Unit filename="../../nemu/cpulib/Em6509.cpp" />
		<Unit filename="../../nemu/cpulib/Em6509.h" />
		<Unit filename="../../nemu/cpulib/Em65816.cpp" />
		<Unit filename="../../nemu/cpulib/Em65816.h" />
		<Unit filename="../../nemu/cpulib/Em65_core.h" />
		<Unit filename="../../nemu/cpulib/Em65c02.cpp" />
		<Unit filename="../../nemu/cpulib/Em65c02.h" />
		<Unit filename="../../nemu/cpulib/Em6800.cpp" />
		<Unit filename="../../nemu/cpulib/Em6800.h" />
		<Unit filename="../../nemu/cpulib/Em6809.cpp" />
		<Unit filename="../../nemu/cpulib/Em6809.h" />
		<Unit filename="../../nemu/cpulib/Em6811.cpp" />
		<Unit filename="../../nemu/cpulib/Em6811.h" />
		<Unit filename="../../nemu/cpulib/Em68k.cpp" />
		<Unit filename="../../nemu/cpulib/Em68k.h" />
		<Unit filename="../../nemu/cpulib/Ex86.cpp" />
		<Unit filename="../../nemu/cpulib/Ex86.h" />
		<Unit filename="../../nemu/cpulib/Ez80.cpp" />
		<Unit filename="../../nemu/cpulib/Ez80.h" />
		<Unit filename="../../nemu/cpulib/generated/EAction_dis.h" />
		<Unit filename="../../nemu/cpulib/generated/EAction_exec.h" />
		<Unit filename="../../nemu/cpulib/generated/EAction_tab.h" />
		<Unit filename="../../nemu/cpulib/generated/EAlpha_dis.h" />
		<Unit filename="../../nemu/cpulib/generated/EAlpha_exec.h" />
		<Unit filename="../../nemu/cpulib/generated/EAlpha_tab.h" />
		<Unit filename="../../nemu/cpulib/generated/EArm_dis.h" />
		<Unit filename="../../nemu/cpulib/generated/EArm_exec.h" />
		<Unit filename="../../nemu/cpulib/generated/EArm_tab.h" />
		<Unit filename="../../nemu/cpulib/generated/EDotNet_dis.h" />
		<Unit filename="../../nemu/cpulib/generated/EDotNet_exec.h" />
		<Unit filename="../../nemu/cpulib/generated/EDotNet_tab.h" />
		<Unit filename="../../nemu/cpulib/generated/EGlulx_dis.h" />
		<Unit filename="../../nemu/cpulib/generated/EGlulx_exec.h" />
		<Unit filename="../../nemu/cpulib/generated/EGlulx_tab.h" />
		<Unit filename="../../nemu/cpulib/generated/EHitachi_dis.h" />
		<Unit filename="../../nemu/cpulib/generated/EHitachi_exec.h" />
		<Unit filename="../../nemu/cpulib/generated/EHitachi_tab.h" />
		<Unit filename="../../nemu/cpulib/generated/EJavascript_dis.h" />
		<Unit filename="../../nemu/cpulib/generated/EJavascript_exec.h" />
		<Unit filename="../../nemu/cpulib/generated/EJavascript_tab.h" />
		<Unit filename="../../nemu/cpulib/generated/EJvm_dis.h" />
		<Unit filename="../../nemu/cpulib/generated/EJvm_exec.h" />
		<Unit filename="../../nemu/cpulib/generated/EJvm_tab.h" />
		<Unit filename="../../nemu/cpulib/generated/EMips_0_dis.h" />
		<Unit filename="../../nemu/cpulib/generated/EMips_0_exec.h" />
		<Unit filename="../../nemu/cpulib/generated/EMips_0_tab.h" />
		<Unit filename="../../nemu/cpulib/generated/EMips_1_dis.h" />
		<Unit filename="../../nemu/cpulib/generated/EMips_1_exec.h" />
		<Unit filename="../../nemu/cpulib/generated/EMips_1_tab.h" />
		<Unit filename="../../nemu/cpulib/generated/EMips_dis.h" />
		<Unit filename="../../nemu/cpulib/generated/EMips_exec.h" />
		<Unit filename="../../nemu/cpulib/generated/EMips_tab.h" />
		<Unit filename="../../nemu/cpulib/generated/EPowerPC_31_dis.h" />
		<Unit filename="../../nemu/cpulib/generated/EPowerPC_31_exec.h" />
		<Unit filename="../../nemu/cpulib/generated/EPowerPC_31_tab.h" />
		<Unit filename="../../nemu/cpulib/generated/EPowerPC_dis.h" />
		<Unit filename="../../nemu/cpulib/generated/EPowerPC_exec.h" />
		<Unit filename="../../nemu/cpulib/generated/EPowerPC_tab.h" />
		<Unit filename="../../nemu/cpulib/generated/ESh_dis.h" />
		<Unit filename="../../nemu/cpulib/generated/ESh_exec.h" />
		<Unit filename="../../nemu/cpulib/generated/ESh_tab.h" />
		<Unit filename="../../nemu/cpulib/generated/ESwf_dis.h" />
		<Unit filename="../../nemu/cpulib/generated/ESwf_exec.h" />
		<Unit filename="../../nemu/cpulib/generated/ESwf_tab.h" />
		<Unit filename="../../nemu/cpulib/generated/EThumb_dis.h" />
		<Unit filename="../../nemu/cpulib/generated/EThumb_exec.h" />
		<Unit filename="../../nemu/cpulib/generated/EThumb_tab.h" />
		<Unit filename="../../nemu/cpulib/generated/EZMachine_dis.h" />
		<Unit filename="../../nemu/cpulib/generated/EZMachine_exec.h" />
		<Unit filename="../../nemu/cpulib/generated/EZMachine_tab.h" />
		<Unit filename="../../nemu/cpulib/generated/Ei8080_dis.h" />
		<Unit filename="../../nemu/cpulib/generated/Ei8080_exec.h" />
		<Unit filename="../../nemu/cpulib/generated/Ei8080_tab.h" />
		<Unit filename="../../nemu/cpulib/generated/Em4510_dis.h" />
		<Unit filename="../../nemu/cpulib/generated/Em4510_exec.h" />
		<Unit filename="../../nemu/cpulib/generated/Em4510_tab.h" />
		<Unit filename="../../nemu/cpulib/generated/Em6502_dis.h" />
		<Unit filename="../../nemu/cpulib/generated/Em6502_exec.h" />
		<Unit filename="../../nemu/cpulib/generated/Em6502_tab.h" />
		<Unit filename="../../nemu/cpulib/generated/Em65816_dis.h" />
		<Unit filename="../../nemu/cpulib/generated/Em65816_exec.h" />
		<Unit filename="../../nemu/cpulib/generated/Em65816_tab.h" />
		<Unit filename="../../nemu/cpulib/generated/Em65c02_dis.h" />
		<Unit filename="../../nemu/cpulib/generated/Em65c02_exec.h" />
		<Unit filename="../../nemu/cpulib/generated/Em65c02_tab.h" />
		<Unit filename="../../nemu/cpulib/generated/Em6800_dis.h" />
		<Unit filename="../../nemu/cpulib/generated/Em6800_exec.h" />
		<Unit filename="../../nemu/cpulib/generated/Em6800_tab.h" />
		<Unit filename="../../nemu/cpulib/generated/Em6809_dis.h" />
		<Unit filename="../../nemu/cpulib/generated/Em6809_exec.h" />
		<Unit filename="../../nemu/cpulib/generated/Em6809_tab.h" />
		<Unit filename="../../nemu/cpulib/generated/Em6809x10_dis.h" />
		<Unit filename="../../nemu/cpulib/generated/Em6809x10_exec.h" />
		<Unit filename="../../nemu/cpulib/generated/Em6809x10_tab.h" />
		<Unit filename="../../nemu/cpulib/generated/Em6809x11_dis.h" />
		<Unit filename="../../nemu/cpulib/generated/Em6809x11_exec.h" />
		<Unit filename="../../nemu/cpulib/generated/Em6809x11_tab.h" />
		<Unit filename="../../nemu/cpulib/generated/Em6811_dis.h" />
		<Unit filename="../../nemu/cpulib/generated/Em6811_exec.h" />
		<Unit filename="../../nemu/cpulib/generated/Em6811_tab.h" />
		<Unit filename="../../nemu/cpulib/generated/Em6811x18_dis.h" />
		<Unit filename="../../nemu/cpulib/generated/Em6811x18_exec.h" />
		<Unit filename="../../nemu/cpulib/generated/Em6811x18_tab.h" />
		<Unit filename="../../nemu/cpulib/generated/Em6811x1a_dis.h" />
		<Unit filename="../../nemu/cpulib/generated/Em6811x1a_exec.h" />
		<Unit filename="../../nemu/cpulib/generated/Em6811x1a_tab.h" />
		<Unit filename="../../nemu/cpulib/generated/Em6811xcd_dis.h" />
		<Unit filename="../../nemu/cpulib/generated/Em6811xcd_exec.h" />
		<Unit filename="../../nemu/cpulib/generated/Em6811xcd_tab.h" />
		<Unit filename="../../nemu/cpulib/generated/Em68k_dis.h" />
		<Unit filename="../../nemu/cpulib/generated/Em68k_exec.h" />
		<Unit filename="../../nemu/cpulib/generated/Em68k_tab.h" />
		<Unit filename="../../nemu/cpulib/generated/Ex86_0f_dis.h" />
		<Unit filename="../../nemu/cpulib/generated/Ex86_0f_exec.h" />
		<Unit filename="../../nemu/cpulib/generated/Ex86_0f_tab.h" />
		<Unit filename="../../nemu/cpulib/generated/Ex86_dis.h" />
		<Unit filename="../../nemu/cpulib/generated/Ex86_exec.h" />
		<Unit filename="../../nemu/cpulib/generated/Ex86_tab.h" />
		<Unit filename="../../nemu/cpulib/generated/Ez80_dis.h" />
		<Unit filename="../../nemu/cpulib/generated/Ez80_exec.h" />
		<Unit filename="../../nemu/cpulib/generated/Ez80_tab.h" />
		<Unit filename="../../nemu/cpulib/generated/blank_dis.h" />
		<Unit filename="../../nemu/cpulib/generated/blank_exec.h" />
		<Unit filename="../../nemu/cpulib/generated/blank_tab.h" />
		<Unit filename="../../nemu/disklib/DController65.cpp" />
		<Unit filename="../../nemu/disklib/DController65.h" />
		<Unit filename="../../nemu/disklib/DController827x.cpp" />
		<Unit filename="../../nemu/disklib/DController827x.h" />
		<Unit filename="../../nemu/disklib/DControllerAbstract.cpp" />
		<Unit filename="../../nemu/disklib/DControllerAbstract.h" />
		<Unit filename="../../nemu/disklib/DControllerDisk2.cpp" />
		<Unit filename="../../nemu/disklib/DControllerDisk2.h" />
		<Unit filename="../../nemu/disklib/DControllerIWM.cpp" />
		<Unit filename="../../nemu/disklib/DControllerIWM.h" />
		<Unit filename="../../nemu/disklib/DControllerWD177x.cpp" />
		<Unit filename="../../nemu/disklib/DControllerWD177x.h" />
		<Unit filename="../../nemu/disklib/DDirEntry.cpp" />
		<Unit filename="../../nemu/disklib/DDirEntry.h" />
		<Unit filename="../../nemu/disklib/DDiskAbstract.cpp" />
		<Unit filename="../../nemu/disklib/DDiskAbstract.h" />
		<Unit filename="../../nemu/disklib/DDiskImageAbstract.cpp" />
		<Unit filename="../../nemu/disklib/DDiskImageAbstract.h" />
		<Unit filename="../../nemu/disklib/DDiskImageFile.cpp" />
		<Unit filename="../../nemu/disklib/DDiskImageFile.h" />
		<Unit filename="../../nemu/disklib/DDiskImageMem.cpp" />
		<Unit filename="../../nemu/disklib/DDiskImageMem.h" />
		<Unit filename="../../nemu/disklib/DFinderDatEntry.h" />
		<Unit filename="../../nemu/disklib/DImage1541.cpp" />
		<Unit filename="../../nemu/disklib/DImage1541.h" />
		<Unit filename="../../nemu/disklib/DImageAcorn.cpp" />
		<Unit filename="../../nemu/disklib/DImageAcorn.h" />
		<Unit filename="../../nemu/disklib/DImageAmy.cpp" />
		<Unit filename="../../nemu/disklib/DImageAmy.h" />
		<Unit filename="../../nemu/disklib/DImageApple2.cpp" />
		<Unit filename="../../nemu/disklib/DImageApple2.h" />
		<Unit filename="../../nemu/disklib/DImageAtari.cpp" />
		<Unit filename="../../nemu/disklib/DImageAtari.h" />
		<Unit filename="../../nemu/disklib/DImageCpm.cpp" />
		<Unit filename="../../nemu/disklib/DImageCpm.h" />
		<Unit filename="../../nemu/disklib/DImageFat.cpp" />
		<Unit filename="../../nemu/disklib/DImageFat.h" />
		<Unit filename="../../nemu/disklib/DImageHfs.cpp" />
		<Unit filename="../../nemu/disklib/DImageHfs.h" />
		<Unit filename="../../nemu/disklib/DImageTrs80.cpp" />
		<Unit filename="../../nemu/disklib/DImageTrs80.h" />
		<Unit filename="../../nemu/disklib/DNativeFilesystem.cpp" />
		<Unit filename="../../nemu/disklib/DNativeFilesystem.h" />
		<Unit filename="../../nemu/disklib/DPartitionTable.cpp" />
		<Unit filename="../../nemu/disklib/DPartitionTable.h" />
		<Unit filename="../../nemu/disklib/DPartitionTableAmy.cpp" />
		<Unit filename="../../nemu/disklib/DPartitionTableAmy.h" />
		<Unit filename="../../nemu/disklib/DPartitionTableHfs.cpp" />
		<Unit filename="../../nemu/disklib/DPartitionTableHfs.h" />
		<Unit filename="../../nemu/disklib/DPartitionTableMbr.cpp" />
		<Unit filename="../../nemu/disklib/DPartitionTableMbr.h" />
		<Unit filename="../../nemu/disklib/DVfs.cpp" />
		<Unit filename="../../nemu/disklib/DVfs.h" />
		<Unit filename="../../nemu/elib/EEmptyMem.cpp" />
		<Unit filename="../../nemu/elib/EEmptyMem.h" />
		<Unit filename="../../nemu/elib/EHandler.cpp" />
		<Unit filename="../../nemu/elib/EHandler.h" />
		<Unit filename="../../nemu/elib/EIOAcia.cpp" />
		<Unit filename="../../nemu/elib/EIOAcia.h" />
		<Unit filename="../../nemu/elib/EIOAcia6551.cpp" />
		<Unit filename="../../nemu/elib/EIOAcia6551.h" />
		<Unit filename="../../nemu/elib/EIOAcia6850.cpp" />
		<Unit filename="../../nemu/elib/EIOAcia6850.h" />
		<Unit filename="../../nemu/elib/EIOChip.cpp" />
		<Unit filename="../../nemu/elib/EIOChip.h" />
		<Unit filename="../../nemu/elib/EIOCia6526.cpp" />
		<Unit filename="../../nemu/elib/EIOCia6526.h" />
		<Unit filename="../../nemu/elib/EIOCia8520.cpp" />
		<Unit filename="../../nemu/elib/EIOCia8520.h" />
		<Unit filename="../../nemu/elib/EIOPia.cpp" />
		<Unit filename="../../nemu/elib/EIOPia.h" />
		<Unit filename="../../nemu/elib/EIOPia6520.cpp" />
		<Unit filename="../../nemu/elib/EIOPia6520.h" />
		<Unit filename="../../nemu/elib/EIOPia8255.cpp" />
		<Unit filename="../../nemu/elib/EIOPia8255.h" />
		<Unit filename="../../nemu/elib/EIOScc8530.cpp" />
		<Unit filename="../../nemu/elib/EIOScc8530.h" />
		<Unit filename="../../nemu/elib/EIOTia6525.cpp" />
		<Unit filename="../../nemu/elib/EIOTia6525.h" />
		<Unit filename="../../nemu/elib/EIOVia6522.cpp" />
		<Unit filename="../../nemu/elib/EIOVia6522.h" />
		<Unit filename="../../nemu/elib/EKeys.h" />
		<Unit filename="../../nemu/elib/EMacResEntry.h" />
		<Unit filename="../../nemu/elib/EMacResHeader.h" />
		<Unit filename="../../nemu/elib/EMacResMap.h" />
		<Unit filename="../../nemu/elib/EMacResRef.h" />
		<Unit filename="../../nemu/elib/EMapHandler.cpp" />
		<Unit filename="../../nemu/elib/EMapHandler.h" />
		<Unit filename="../../nemu/elib/EMapSymbol.cpp" />
		<Unit filename="../../nemu/elib/EMapSymbol.h" />
		<Unit filename="../../nemu/elib/EMemAbstract.cpp" />
		<Unit filename="../../nemu/elib/EMemAbstract.h" />
		<Unit filename="../../nemu/elib/EMemIO.cpp" />
		<Unit filename="../../nemu/elib/EMemIO.h" />
		<Unit filename="../../nemu/elib/EMemMapAbstract.cpp" />
		<Unit filename="../../nemu/elib/EMemMapAbstract.h" />
		<Unit filename="../../nemu/elib/EMemMapComplex.cpp" />
		<Unit filename="../../nemu/elib/EMemMapComplex.h" />
		<Unit filename="../../nemu/elib/EMemMapSimple.cpp" />
		<Unit filename="../../nemu/elib/EMemMapSimple.h" />
		<Unit filename="../../nemu/elib/EModule.cpp" />
		<Unit filename="../../nemu/elib/EModule.h" />
		<Unit filename="../../nemu/elib/EOSEntry.cpp" />
		<Unit filename="../../nemu/elib/EOSEntry.h" />
		<Unit filename="../../nemu/elib/EOSHelper.cpp" />
		<Unit filename="../../nemu/elib/EOSHelper.h" />
		<Unit filename="../../nemu/elib/ERam.cpp" />
		<Unit filename="../../nemu/elib/ERam.h" />
		<Unit filename="../../nemu/elib/EResObject.h" />
		<Unit filename="../../nemu/elib/EResource.cpp" />
		<Unit filename="../../nemu/elib/EResource.h" />
		<Unit filename="../../nemu/elib/EResourceFile.cpp" />
		<Unit filename="../../nemu/elib/EResourceFile.h" />
		<Unit filename="../../nemu/elib/ERom.cpp" />
		<Unit filename="../../nemu/elib/ERom.h" />
		<Unit filename="../../nemu/elib/ESoundIOAbstract.cpp" />
		<Unit filename="../../nemu/elib/ESoundIOAbstract.h" />
		<Unit filename="../../nemu/elib/ESoundIOPokey.cpp" />
		<Unit filename="../../nemu/elib/ESoundIOPokey.h" />
		<Unit filename="../../nemu/elib/ESoundIOSid.cpp" />
		<Unit filename="../../nemu/elib/ESoundIOSid.h" />
		<Unit filename="../../nemu/elib/ESoundIOSn764xx.cpp" />
		<Unit filename="../../nemu/elib/ESoundIOSn764xx.h" />
		<Unit filename="../../nemu/elib/ESoundIOYmxxxx.cpp" />
		<Unit filename="../../nemu/elib/ESoundIOYmxxxx.h" />
		<Unit filename="../../nemu/elib/EVideoIOAbstract.cpp" />
		<Unit filename="../../nemu/elib/EVideoIOAbstract.h" />
		<Unit filename="../../nemu/elib/EVideoIOBitmap.cpp" />
		<Unit filename="../../nemu/elib/EVideoIOBitmap.h" />
		<Unit filename="../../nemu/elib/EVideoIOMoto684x.cpp" />
		<Unit filename="../../nemu/elib/EVideoIOMoto684x.h" />
		<Unit filename="../../nemu/elib/EVideoIOMultiMode.cpp" />
		<Unit filename="../../nemu/elib/EVideoIOMultiMode.h" />
		<Unit filename="../../nemu/elib/EVideoIOTextOnly.cpp" />
		<Unit filename="../../nemu/elib/EVideoIOTextOnly.h" />
		<Unit filename="../../nemu/elib/EVideoIOTms99xx.cpp" />
		<Unit filename="../../nemu/elib/EVideoIOTms99xx.h" />
		<Unit filename="../../nemu/elib/EVideoIOVector.cpp" />
		<Unit filename="../../nemu/elib/EVideoIOVector.h" />
		<Unit filename="../../nemu/elib/EVideoSprite.cpp" />
		<Unit filename="../../nemu/elib/EVideoSprite.h" />
		<Unit filename="../../nemu/elib/EVideoTile.cpp" />
		<Unit filename="../../nemu/elib/EVideoTile.h" />
		<Unit filename="../../nemu/elib/Em68kHandler.cpp" />
		<Unit filename="../../nemu/elib/Em68kHandler.h" />
		<Unit filename="../../nemu/emu/NAcornDos.cpp" />
		<Unit filename="../../nemu/emu/NAcornDos.h" />
		<Unit filename="../../nemu/emu/NAcornHandler.cpp" />
		<Unit filename="../../nemu/emu/NAcornHandler.h" />
		<Unit filename="../../nemu/emu/NAcornIO.cpp" />
		<Unit filename="../../nemu/emu/NAcornIO.h" />
		<Unit filename="../../nemu/emu/NAmigaHandler.cpp" />
		<Unit filename="../../nemu/emu/NAmigaHandler.h" />
		<Unit filename="../../nemu/emu/NAmigaIO.cpp" />
		<Unit filename="../../nemu/emu/NAmigaIO.h" />
		<Unit filename="../../nemu/emu/NAppleDos.cpp" />
		<Unit filename="../../nemu/emu/NAppleDos.h" />
		<Unit filename="../../nemu/emu/NAppleHandler.cpp" />
		<Unit filename="../../nemu/emu/NAppleHandler.h" />
		<Unit filename="../../nemu/emu/NAppleIO.cpp" />
		<Unit filename="../../nemu/emu/NAppleIO.h" />
		<Unit filename="../../nemu/emu/NAppleVideo.cpp" />
		<Unit filename="../../nemu/emu/NAppleVideo.h" />
		<Unit filename="../../nemu/emu/NAtariArcadeHandler.cpp" />
		<Unit filename="../../nemu/emu/NAtariArcadeHandler.h" />
		<Unit filename="../../nemu/emu/NAtariArcadeIO.cpp" />
		<Unit filename="../../nemu/emu/NAtariArcadeIO.h" />
		<Unit filename="../../nemu/emu/NAtariArcadeVideo.cpp" />
		<Unit filename="../../nemu/emu/NAtariArcadeVideo.h" />
		<Unit filename="../../nemu/emu/NAtariDos.cpp" />
		<Unit filename="../../nemu/emu/NAtariDos.h" />
		<Unit filename="../../nemu/emu/NAtariHandler.cpp" />
		<Unit filename="../../nemu/emu/NAtariHandler.h" />
		<Unit filename="../../nemu/emu/NAtariIO.cpp" />
		<Unit filename="../../nemu/emu/NAtariIO.h" />
		<Unit filename="../../nemu/emu/NAtariSTHandler.cpp" />
		<Unit filename="../../nemu/emu/NAtariSTHandler.h" />
		<Unit filename="../../nemu/emu/NAtariSTIO.cpp" />
		<Unit filename="../../nemu/emu/NAtariSTIO.h" />
		<Unit filename="../../nemu/emu/NAtariVectorHandler.cpp" />
		<Unit filename="../../nemu/emu/NAtariVectorHandler.h" />
		<Unit filename="../../nemu/emu/NAtariVectorIO.cpp" />
		<Unit filename="../../nemu/emu/NAtariVectorIO.h" />
		<Unit filename="../../nemu/emu/NAtariVectorVideo.cpp" />
		<Unit filename="../../nemu/emu/NAtariVectorVideo.h" />
		<Unit filename="../../nemu/emu/NAtariVideo.cpp" />
		<Unit filename="../../nemu/emu/NAtariVideo.h" />
		<Unit filename="../../nemu/emu/NCbmHandler.cpp" />
		<Unit filename="../../nemu/emu/NCbmHandler.h" />
		<Unit filename="../../nemu/emu/NCbmIO.cpp" />
		<Unit filename="../../nemu/emu/NCbmIO.h" />
		<Unit filename="../../nemu/emu/NCbmKernHelper.cpp" />
		<Unit filename="../../nemu/emu/NCbmKernHelper.h" />
		<Unit filename="../../nemu/emu/NCbmVideo.cpp" />
		<Unit filename="../../nemu/emu/NCbmVideo.h" />
		<Unit filename="../../nemu/emu/NCocoDos.cpp" />
		<Unit filename="../../nemu/emu/NCocoDos.h" />
		<Unit filename="../../nemu/emu/NCocoHandler.cpp" />
		<Unit filename="../../nemu/emu/NCocoHandler.h" />
		<Unit filename="../../nemu/emu/NCocoIO.cpp" />
		<Unit filename="../../nemu/emu/NCocoIO.h" />
		<Unit filename="../../nemu/emu/NCpmDos.cpp" />
		<Unit filename="../../nemu/emu/NCpmDos.h" />
		<Unit filename="../../nemu/emu/NCpmHandler.cpp" />
		<Unit filename="../../nemu/emu/NCpmHandler.h" />
		<Unit filename="../../nemu/emu/NCpmIO.cpp" />
		<Unit filename="../../nemu/emu/NCpmIO.h" />
		<Unit filename="../../nemu/emu/NFamicomHandler.cpp" />
		<Unit filename="../../nemu/emu/NFamicomHandler.h" />
		<Unit filename="../../nemu/emu/NFamicomIO.cpp" />
		<Unit filename="../../nemu/emu/NFamicomIO.h" />
		<Unit filename="../../nemu/emu/NGenesisHandler.cpp" />
		<Unit filename="../../nemu/emu/NGenesisHandler.h" />
		<Unit filename="../../nemu/emu/NGenesisIO.cpp" />
		<Unit filename="../../nemu/emu/NGenesisIO.h" />
		<Unit filename="../../nemu/emu/NJavaHandler.cpp" />
		<Unit filename="../../nemu/emu/NJavaHandler.h" />
		<Unit filename="../../nemu/emu/NMacApp.h" />
		<Unit filename="../../nemu/emu/NMacHandler.cpp" />
		<Unit filename="../../nemu/emu/NMacHandler.h" />
		<Unit filename="../../nemu/emu/NMacIO.cpp" />
		<Unit filename="../../nemu/emu/NMacIO.h" />
		<Unit filename="../../nemu/emu/NMacMemBase.h" />
		<Unit filename="../../nemu/emu/NMacZone.h" />
		<Unit filename="../../nemu/emu/NOricDos.cpp" />
		<Unit filename="../../nemu/emu/NOricDos.h" />
		<Unit filename="../../nemu/emu/NOricHandler.cpp" />
		<Unit filename="../../nemu/emu/NOricHandler.h" />
		<Unit filename="../../nemu/emu/NOricIO.cpp" />
		<Unit filename="../../nemu/emu/NOricIO.h" />
		<Unit filename="../../nemu/emu/NPalmHandler.cpp" />
		<Unit filename="../../nemu/emu/NPalmHandler.h" />
		<Unit filename="../../nemu/emu/NPalmIO.cpp" />
		<Unit filename="../../nemu/emu/NPalmIO.h" />
		<Unit filename="../../nemu/emu/NPcDos.cpp" />
		<Unit filename="../../nemu/emu/NPcDos.h" />
		<Unit filename="../../nemu/emu/NPcHandler.cpp" />
		<Unit filename="../../nemu/emu/NPcHandler.h" />
		<Unit filename="../../nemu/emu/NPcIO.cpp" />
		<Unit filename="../../nemu/emu/NPcIO.h" />
		<Unit filename="../../nemu/emu/NSwfHandler.cpp" />
		<Unit filename="../../nemu/emu/NSwfHandler.h" />
		<Unit filename="../../nemu/emu/NTinyHandler.cpp" />
		<Unit filename="../../nemu/emu/NTinyHandler.h" />
		<Unit filename="../../nemu/emu/NTrs80Dos.cpp" />
		<Unit filename="../../nemu/emu/NTrs80Dos.h" />
		<Unit filename="../../nemu/emu/NTrs80Handler.cpp" />
		<Unit filename="../../nemu/emu/NTrs80Handler.h" />
		<Unit filename="../../nemu/emu/NTrs80IO.cpp" />
		<Unit filename="../../nemu/emu/NTrs80IO.h" />
		<Unit filename="../../nemu/emu/NUnixHandler.cpp" />
		<Unit filename="../../nemu/emu/NUnixHandler.h" />
		<Unit filename="../../nemu/emu/NZMachineHandler.cpp" />
		<Unit filename="../../nemu/emu/NZMachineHandler.h" />
		<Unit filename="../../nemu/emu/generated/NAmiga_reg_tab.h" />
		<Unit filename="../../nemu/emu/generated/NCbm_kern_tab.h" />
		<Unit filename="../../nemu/emu/generated/NMac_globals_tab.h" />
		<Unit filename="../../nemu/emu/generated/NMac_traps_tab.h" />
		<Unit filename="../../nemu/emu/generated/NTiny_syscall_tab.h" />
		<Unit filename="../../nemu/ncmd.cpp" />
		<Unit filename="../../nemu/nemu.cpp" />
		<Unit filename="../../nemu/nemu.h" />
		<Extensions>
			<code_completion />
			<debugger />
		</Extensions>
	</Project>
</CodeBlocks_project_file>
